
Microsoft Visual Studio Solution File, Format Version 12.00
Project("{FAE04EC0-301F-11D3-BF4B-00C04F79EFBC}") = "Anima.Utilities.SourceGeneration", "src\Anima.Utilities.SourceGeneration\Anima.Utilities.SourceGeneration.csproj", "{743ADFB3-8809-4CD5-8B40-2E15DB38FA91}"
EndProject
Project("{FAE04EC0-301F-11D3-BF4B-00C04F79EFBC}") = "Anima.EntityFrameworkCore.SourceGeneration", "src\Anima.EntityFrameworkCore.SourceGeneration\Anima.EntityFrameworkCore.SourceGeneration.csproj", "{018A73EC-F68C-4220-BE87-423A04A39AD1}"
EndProject
Project("{2150E333-8FDC-42A3-9474-1A3956D46DE8}") = "test", "test", "{4FFE0F12-74B3-4E57-9CCD-ADE2E3EF4786}"
EndProject
Project("{FAE04EC0-301F-11D3-BF4B-00C04F79EFBC}") = "Anima.EntityFrameworkCore.SourceGeneration.IntegrationTests", "test\Anima.EntityFrameworkCore.SourceGeneration.IntegrationTests\Anima.EntityFrameworkCore.SourceGeneration.IntegrationTests.csproj", "{1C327A10-FE4B-4633-9A7F-6ABF9750F831}"
EndProject
Project("{FAE04EC0-301F-11D3-BF4B-00C04F79EFBC}") = "Anima", "src\Anima\Anima.csproj", "{85634E2F-723C-4135-B77B-702BA1866A55}"
EndProject
Project("{2150E333-8FDC-42A3-9474-1A3956D46DE8}") = "docs", "docs", "{A8C0A724-EF14-4020-9222-540DB260D46A}"
	ProjectSection(SolutionItems) = preProject
		docs\docfx.json = docs\docfx.json
		docs\index.md = docs\index.md
		docs\toc.yml = docs\toc.yml
		docs\filterConfig.yml = docs\filterConfig.yml
	EndProjectSection
EndProject
Project("{2150E333-8FDC-42A3-9474-1A3956D46DE8}") = "images", "images", "{0C7533D3-3F5B-47AE-87D1-CFE8CFB7DEC6}"
	ProjectSection(SolutionItems) = preProject
		docs\images\logo.png = docs\images\logo.png
	EndProjectSection
EndProject
Project("{2150E333-8FDC-42A3-9474-1A3956D46DE8}") = "templates", "templates", "{910D747A-B1F3-4A3F-9CB2-BFF146E4F303}"
EndProject
Project("{2150E333-8FDC-42A3-9474-1A3956D46DE8}") = "custom", "custom", "{33171C33-1D0D-4663-ACC8-5A7E2365EB03}"
EndProject
Project("{2150E333-8FDC-42A3-9474-1A3956D46DE8}") = "public", "public", "{23F6BE05-0C68-4804-9461-6CD9F9C28CB5}"
	ProjectSection(SolutionItems) = preProject
		docs\templates\custom\public\main.css = docs\templates\custom\public\main.css
	EndProjectSection
EndProject
Global
	GlobalSection(SolutionConfigurationPlatforms) = preSolution
		Debug|Any CPU = Debug|Any CPU
		Release|Any CPU = Release|Any CPU
	EndGlobalSection
	GlobalSection(ProjectConfigurationPlatforms) = postSolution
		{743ADFB3-8809-4CD5-8B40-2E15DB38FA91}.Debug|Any CPU.ActiveCfg = Debug|Any CPU
		{743ADFB3-8809-4CD5-8B40-2E15DB38FA91}.Debug|Any CPU.Build.0 = Debug|Any CPU
		{743ADFB3-8809-4CD5-8B40-2E15DB38FA91}.Release|Any CPU.ActiveCfg = Release|Any CPU
		{743ADFB3-8809-4CD5-8B40-2E15DB38FA91}.Release|Any CPU.Build.0 = Release|Any CPU
		{018A73EC-F68C-4220-BE87-423A04A39AD1}.Debug|Any CPU.ActiveCfg = Debug|Any CPU
		{018A73EC-F68C-4220-BE87-423A04A39AD1}.Debug|Any CPU.Build.0 = Debug|Any CPU
		{018A73EC-F68C-4220-BE87-423A04A39AD1}.Release|Any CPU.ActiveCfg = Release|Any CPU
		{018A73EC-F68C-4220-BE87-423A04A39AD1}.Release|Any CPU.Build.0 = Release|Any CPU
		{1C327A10-FE4B-4633-9A7F-6ABF9750F831}.Debug|Any CPU.ActiveCfg = Debug|Any CPU
		{1C327A10-FE4B-4633-9A7F-6ABF9750F831}.Debug|Any CPU.Build.0 = Debug|Any CPU
		{1C327A10-FE4B-4633-9A7F-6ABF9750F831}.Release|Any CPU.ActiveCfg = Release|Any CPU
		{1C327A10-FE4B-4633-9A7F-6ABF9750F831}.Release|Any CPU.Build.0 = Release|Any CPU
		{85634E2F-723C-4135-B77B-702BA1866A55}.Debug|Any CPU.ActiveCfg = Debug|Any CPU
		{85634E2F-723C-4135-B77B-702BA1866A55}.Debug|Any CPU.Build.0 = Debug|Any CPU
		{85634E2F-723C-4135-B77B-702BA1866A55}.Release|Any CPU.ActiveCfg = Release|Any CPU
		{85634E2F-723C-4135-B77B-702BA1866A55}.Release|Any CPU.Build.0 = Release|Any CPU
	EndGlobalSection
	GlobalSection(NestedProjects) = preSolution
		{1C327A10-FE4B-4633-9A7F-6ABF9750F831} = {4FFE0F12-74B3-4E57-9CCD-ADE2E3EF4786}
		{0C7533D3-3F5B-47AE-87D1-CFE8CFB7DEC6} = {A8C0A724-EF14-4020-9222-540DB260D46A}
		{910D747A-B1F3-4A3F-9CB2-BFF146E4F303} = {A8C0A724-EF14-4020-9222-540DB260D46A}
		{33171C33-1D0D-4663-ACC8-5A7E2365EB03} = {910D747A-B1F3-4A3F-9CB2-BFF146E4F303}
		{23F6BE05-0C68-4804-9461-6CD9F9C28CB5} = {33171C33-1D0D-4663-ACC8-5A7E2365EB03}
	EndGlobalSection
EndGlobal
